
Microsoft Visual Studio Solution File, Format Version 12.00
# Visual Studio Version 17
VisualStudioVersion = 17.14.36203.30 d17.14
MinimumVisualStudioVersion = 10.0.40219.1
Project("{FAE04EC0-301F-11D3-BF4B-00C04F79EFBC}") = "practic", "practic\practic.csproj", "{4F50A2CA-DBFE-4874-B5B6-BAE30ABEE6CC}"
EndProject
Global
	GlobalSection(SolutionConfigurationPlatforms) = preSolution
		Debug|Any CPU = Debug|Any CPU
		Release|Any CPU = Release|Any CPU
	EndGlobalSection
	GlobalSection(ProjectConfigurationPlatforms) = postSolution
		{4F50A2CA-DBFE-4874-B5B6-BAE30ABEE6CC}.Debug|Any CPU.ActiveCfg = Debug|Any CPU
		{4F50A2CA-DBFE-4874-B5B6-BAE30ABEE6CC}.Debug|Any CPU.Build.0 = Debug|Any CPU
		{4F50A2CA-DBFE-4874-B5B6-BAE30ABEE6CC}.Release|Any CPU.ActiveCfg = Release|Any CPU
		{4F50A2CA-DBFE-4874-B5B6-BAE30ABEE6CC}.Release|Any CPU.Build.0 = Release|Any CPU
	EndGlobalSection
	GlobalSection(SolutionProperties) = preSolution
		HideSolutionNode = FALSE
	EndGlobalSection
	GlobalSection(ExtensibilityGlobals) = postSolution
		SolutionGuid = {B8CF9284-18A0-42FE-A9B8-D291A2CE6DDD}
	EndGlobalSection
EndGlobal
